# This file was autogenerated by uv via the following command:
#    uv pip compile requirements.txt --output-file uv.lock
certifi==2025.4.26
    # via
    #   -r requirements.txt
    #   curl-cffi
    #   requests
cffi==1.17.1
    # via
    #   -r requirements.txt
    #   curl-cffi
charset-normalizer==3.4.2
    # via
    #   -r requirements.txt
    #   requests
curl-cffi==0.10.0
    # via -r requirements.txt
idna==3.10
    # via
    #   -r requirements.txt
    #   requests
pycparser==2.22
    # via
    #   -r requirements.txt
    #   cffi
requests==2.32.3
    # via -r requirements.txt
urllib3==2.4.0
    # via
    #   -r requirements.txt
    #   requests
